{
  "version": "5",
  "specifiers": {
    "jsr:@std/collections@^1.1.3": "1.3.0",
    "jsr:@std/toml@*": "1.0.11",
    "jsr:@std/yaml@*": "1.1.2",
    "npm:@ai-sdk/deepseek@3.0.13": "3.0.13_zod@4.4.3",
    "npm:@langfuse/otel@5.9.1": "5.9.1_@opentelemetry+api@1.9.1_@opentelemetry+core@2.10.0__@opentelemetry+api@1.9.1_@opentelemetry+exporter-trace-otlp-http@0.221.0__@opentelemetry+api@1.9.1_@opentelemetry+sdk-trace-base@2.10.0__@opentelemetry+api@1.9.1",
    "npm:@langfuse/tracing@5.9.1": "5.9.1_@opentelemetry+api@1.9.0",
    "npm:@langfuse/vercel-ai-sdk@5.9.1": "5.9.1_@opentelemetry+api@1.9.1_ai@7.0.37__zod@4.4.3_zod@4.4.3",
    "npm:@opentelemetry/api@1.9.0": "1.9.0",
    "npm:@opentelemetry/context-async-hooks@2.10.0": "2.10.0_@opentelemetry+api@1.9.1",
    "npm:@opentelemetry/sdk-trace-base@2.10.0": "2.10.0_@opentelemetry+api@1.9.1",
    "npm:@supabase/supabase-js@2.110.0": "2.110.0",
    "npm:ai@7.0.37": "7.0.37_zod@4.4.3",
    "npm:standardwebhooks@1.0.0": "1.0.0"
  },
  "jsr": {
    "@std/collections@1.3.0": {
      "integrity": "eb36b43d784477ea0b476483ac034a14bdd182aff921c812ecf662a1fcef9498"
    },
    "@std/toml@1.0.11": {
      "integrity": "e084988b872ca4bad6aedfb7350f6eeed0e8ba88e9ee5e1590621c5b5bb8f715",
      "dependencies": [
        "jsr:@std/collections"
      ]
    },
    "@std/yaml@1.1.2": {
      "integrity": "de612653c036749ba2044165e316f52412b0f0698afffb7ee80b5331d6d2abae"
    }
  },
  "npm": {
    "@ai-sdk/deepseek@3.0.13_zod@4.4.3": {
      "integrity": "sha512-sX05lJncM1xvZ8PBi3Lq2ixl9RScMcX6w9YbmkCE5Fp28g9t+tVNATEFy8aVWEInH7yxvdEL4M15/9Uq63ECpg==",
      "dependencies": [
        "@ai-sdk/provider@4.0.3",
        "@ai-sdk/provider-utils@5.0.12_zod@4.4.3",
        "zod"
      ]
    },
    "@ai-sdk/gateway@4.0.28_zod@4.4.3": {
      "integrity": "sha512-ee9TsNO3mkgHDWmTmJ8Fvltr6PFh52zhrV2+FaKJY3F3iu7kWZi5tCRJCR1HVhhlpj6lHniUb28nLQdPHkA/1Q==",
      "dependencies": [
        "@ai-sdk/provider@4.0.3",
        "@ai-sdk/provider-utils@5.0.12_zod@4.4.3",
        "@vercel/oidc",
        "zod"
      ]
    },
    "@ai-sdk/gateway@4.0.2_zod@4.4.3": {
      "integrity": "sha512-Jz1BiiTSvhDsCBJrkFRSqLHDRMVjFtYk9GdbSi3UOqY+/epza+oIESMDzfN4m+YHT/1IYmNEmxaMfjXOvxKDjQ==",
      "dependencies": [
        "@ai-sdk/provider@4.0.0",
        "@ai-sdk/provider-utils@5.0.0_zod@4.4.3",
        "@vercel/oidc",
        "zod"
      ]
    },
    "@ai-sdk/otel@1.0.2_zod@4.4.3": {
      "integrity": "sha512-vmuuwOxJ5OuwMYDktABTLb9V33hwR2k77QIDPZ8mSHSo04seT88IXCmzZwLjTskHfIa5C9IRizzNy6sr2qOQWQ==",
      "dependencies": [
        "@ai-sdk/provider@4.0.0",
        "@opentelemetry/api@1.9.1",
        "ai@7.0.2_zod@4.4.3"
      ]
    },
    "@ai-sdk/provider-utils@5.0.0_zod@4.4.3": {
      "integrity": "sha512-zj66M02jc6ASYwIgWZowsooDUwaVngeNZQ3H10GwcPMZ+KR6gHMhcUuKl6tkai+JPXTKDyHY1pnszuxRtw2D4A==",
      "dependencies": [
        "@ai-sdk/provider@4.0.0",
        "@standard-schema/spec",
        "@workflow/serde",
        "eventsource-parser",
        "zod"
      ]
    },
    "@ai-sdk/provider-utils@5.0.12_zod@4.4.3": {
      "integrity": "sha512-bbhlOgHeYwrIGheLkM6fhS8hVger8uFPmcOLg+kxc9EFh7y30XYorWhthlYAgpadO3SJhFZrIcEknN7qEqEVvA==",
      "dependencies": [
        "@ai-sdk/provider@4.0.3",
        "@standard-schema/spec",
        "@workflow/serde",
        "eventsource-parser",
        "zod"
      ]
    },
    "@ai-sdk/provider@4.0.0": {
      "integrity": "sha512-fr9Gs89prDWiuox/T+kCA+i2cJkHpxU5S+tr4megjTzRC27ZsvFhwjU/+XrqqMbvBUlfmXxTOYWy8ng45dsjIg==",
      "dependencies": [
        "json-schema"
      ]
    },
    "@ai-sdk/provider@4.0.3": {
      "integrity": "sha512-e0CpNWJUY7OxAFAnCZkw+ri9QOHWwTs1tXP42782KFGCU07qt8NiXCrCVowyCB5dP2r5/Uls+g2oPd8kOJn9dw==",
      "dependencies": [
        "json-schema"
      ]
    },
    "@langfuse/core@5.9.1_@opentelemetry+api@1.9.1": {
      "integrity": "sha512-KvyAskAO+2ixJwr9wy148ttR/Zn3oapvOJ2Br4Xcp6zhDpjSIIGB4jW/jkp53/KU9MyEHj0RSFPK/yKoxLC4KA==",
      "dependencies": [
        "@opentelemetry/api@1.9.1"
      ]
    },
    "@langfuse/otel@5.9.1_@opentelemetry+api@1.9.1_@opentelemetry+core@2.10.0__@opentelemetry+api@1.9.1_@opentelemetry+exporter-trace-otlp-http@0.221.0__@opentelemetry+api@1.9.1_@opentelemetry+sdk-trace-base@2.10.0__@opentelemetry+api@1.9.1": {
      "integrity": "sha512-viM5Qq/AIPZPXfO7YdSmDHxEDSrNU/MyGzuE9zKA6hGBII1iLowU+qL99O+TjnXqxoADqlNibhY2pg1/WTIPcw==",
      "dependencies": [
        "@langfuse/core",
        "@opentelemetry/api@1.9.1",
        "@opentelemetry/core",
        "@opentelemetry/exporter-trace-otlp-http",
        "@opentelemetry/sdk-trace-base"
      ]
    },
    "@langfuse/tracing@5.9.1_@opentelemetry+api@1.9.0": {
      "integrity": "sha512-tJRyVAv1JkuOPh4Uz5eWUNH8U4jcJVtK2F5QNy5cZUzXCSrXobCSHusPbxY6VFZcLcFgtpDtSaxL7ev1tV2JNQ==",
      "dependencies": [
        "@langfuse/core",
        "@opentelemetry/api@1.9.0"
      ]
    },
    "@langfuse/vercel-ai-sdk@5.9.1_@opentelemetry+api@1.9.1_ai@7.0.37__zod@4.4.3_zod@4.4.3": {
      "integrity": "sha512-gZPZJ3JXYTkT7W61VhbNHXgn/88+laoAQGMc082ESeXBwfuMVVPKDueZzM0xy6s0BTtPLW5WmbJ5NkLNCtR3Nw==",
      "dependencies": [
        "@ai-sdk/otel",
        "@langfuse/core",
        "@opentelemetry/api@1.9.1",
        "ai@7.0.37_zod@4.4.3"
      ]
    },
    "@opentelemetry/api-logs@0.221.0": {
      "integrity": "sha512-OlanaW1vv7ufTqQ3/fPLI4arGt5ZoM+P8abOMki6uEYnpRazepSWDwDnnw+la7kE26SHVC18//SMccrDvLKOXQ==",
      "dependencies": [
        "@opentelemetry/api@1.9.1"
      ]
    },
    "@opentelemetry/api@1.9.0": {
      "integrity": "sha512-3giAOQvZiH5F9bMlMiv8+GSPMeqg0dbaeo58/0SlA9sxSqZhnUtxzX9/2FzyhS9sWQf5S0GJE0AKBrFqjpeYcg=="
    },
    "@opentelemetry/api@1.9.1": {
      "integrity": "sha512-gLyJlPHPZYdAk1JENA9LeHejZe1Ti77/pTeFm/nMXmQH/HFZlcS/O2XJB+L8fkbrNSqhdtlvjBVjxwUYanNH5Q=="
    },
    "@opentelemetry/context-async-hooks@2.10.0_@opentelemetry+api@1.9.1": {
      "integrity": "sha512-bvyMcgLEkozzSzpEEEo1OMoeQ97bxj6Qs2uN3mPrSdDvObMI1myffD/BPqcLlzZO9//d1SqQA/WPw7Cz2AiqhA==",
      "dependencies": [
        "@opentelemetry/api@1.9.1"
      ]
    },
    "@opentelemetry/core@2.10.0_@opentelemetry+api@1.9.1": {
      "integrity": "sha512-/wNZ8twnEQQA4HoHu22+vcsdru6pWPWxW+7w+FlxT6Id7PE/WIbZmVKkte+PF72e0F2dnImFeHD2syyE1Mw6MQ==",
      "dependencies": [
        "@opentelemetry/api@1.9.1",
        "@opentelemetry/semantic-conventions"
      ]
    },
    "@opentelemetry/exporter-trace-otlp-http@0.221.0_@opentelemetry+api@1.9.1": {
      "integrity": "sha512-AySXiKoC+meiWm6zdVj5T2LnPDZuatveBby1cMOeQteIWsYXAUxs8Sru13G2pVSPrUXz6vF+og7QVBX6GdC/oQ==",
      "dependencies": [
        "@opentelemetry/api@1.9.1",
        "@opentelemetry/otlp-exporter-base",
        "@opentelemetry/otlp-transformer",
        "@opentelemetry/sdk-trace"
      ]
    },
    "@opentelemetry/otlp-exporter-base@0.221.0_@opentelemetry+api@1.9.1": {
      "integrity": "sha512-UFPIq80OH3Ns/oPFHRj14d4DTOxUo+MUFU8hUiCq5jTqFhdeJnfVSANHT+xp92409cA+oxzvlZCe6NM1wvCuBA==",
      "dependencies": [
        "@opentelemetry/api@1.9.1",
        "@opentelemetry/core",
        "@opentelemetry/otlp-transformer"
      ]
    },
    "@opentelemetry/otlp-transformer@0.221.0_@opentelemetry+api@1.9.1": {
      "integrity": "sha512-lg6lkOU08Az23jVcn/0Els9HP+V8PnR4Km6p0KgpTggS0n/WuhnmY64rSh83Of9iR9nD+dpWr6adlcX8KzAwjg==",
      "dependencies": [
        "@opentelemetry/api@1.9.1",
        "@opentelemetry/api-logs",
        "@opentelemetry/core",
        "@opentelemetry/resources",
        "@opentelemetry/sdk-logs",
        "@opentelemetry/sdk-metrics",
        "@opentelemetry/sdk-trace"
      ]
    },
    "@opentelemetry/resources@2.10.0_@opentelemetry+api@1.9.1": {
      "integrity": "sha512-q6MMm2zhggzsHVNbabYwut+a6nbuQQe3URUoxaojM/8K1IBfwwPzvxIjNi2/lI1TFe+fMHMW9MWhrtDLEXEnkA==",
      "dependencies": [
        "@opentelemetry/api@1.9.1",
        "@opentelemetry/core",
        "@opentelemetry/semantic-conventions"
      ]
    },
    "@opentelemetry/sdk-logs@0.221.0_@opentelemetry+api@1.9.1": {
      "integrity": "sha512-FaDcazjyMp7TZZZAsqbo4IkovP0UegoCu0EBkiNt+qCqvUf7FPAsfcrZ3+ZEkKgXZ/jHafop+JoGPDk3A0SmLg==",
      "dependencies": [
        "@opentelemetry/api@1.9.1",
        "@opentelemetry/api-logs",
        "@opentelemetry/core",
        "@opentelemetry/resources",
        "@opentelemetry/semantic-conventions"
      ]
    },
    "@opentelemetry/sdk-metrics@2.10.0_@opentelemetry+api@1.9.1": {
      "integrity": "sha512-t6r1VSvXNtSDnPXU1FbZeetJb7yyovHmgu0wRSoftxtE0g2rSNhQZQUy69sRUCL+iioJpX8SN/S6wq6ZtvLySQ==",
      "dependencies": [
        "@opentelemetry/api@1.9.1",
        "@opentelemetry/core",
        "@opentelemetry/resources"
      ]
    },
    "@opentelemetry/sdk-trace-base@2.10.0_@opentelemetry+api@1.9.1": {
      "integrity": "sha512-GuYQQT7QD2EeO8lcZLRQzcbOyhqAzL+6WWTKTU9mSUBYBazkEDl+VrQcXQhbB08OWM9anD1aHleVadzulpOaUQ==",
      "dependencies": [
        "@opentelemetry/api@1.9.1",
        "@opentelemetry/core",
        "@opentelemetry/resources",
        "@opentelemetry/sdk-trace",
        "@opentelemetry/semantic-conventions"
      ]
    },
    "@opentelemetry/sdk-trace@2.10.0_@opentelemetry+api@1.9.1": {
      "integrity": "sha512-MfQGq3GRmTh5fM/y+OjaO0vj6+luCB1XO2gfXCalKCfgKw0eHL++sm75DNweC6ohlp+aFvACqeE0fYayqdRaoQ==",
      "dependencies": [
        "@opentelemetry/api@1.9.1",
        "@opentelemetry/core",
        "@opentelemetry/resources",
        "@opentelemetry/semantic-conventions"
      ]
    },
    "@opentelemetry/semantic-conventions@1.43.0": {
      "integrity": "sha512-eSYWTm620tTk45EKSedaUL8MFYI8hW164hIXsgIHyxu3VobUB3fFCu5t0hQby6OoWRPsG1KkKUG2M5UadiLiVg=="
    },
    "@stablelib/base64@1.0.1": {
      "integrity": "sha512-1bnPQqSxSuc3Ii6MhBysoWCg58j97aUjuCSZrGSmDxNqtytIi0k8utUenAwTZN4V5mXXYGsVUI9zeBqy+jBOSQ=="
    },
    "@standard-schema/spec@1.1.0": {
      "integrity": "sha512-l2aFy5jALhniG5HgqrD6jXLi/rUWrKvqN/qJx6yoJsgKhblVd+iqqU4RCXavm/jPityDo5TCvKMnpjKnOriy0w=="
    },
    "@supabase/auth-js@2.110.0": {
      "integrity": "sha512-Mi288WCTp6wxMFCOu/UgzgHEXODjdl2uVTLqK11eanzGZaldU3RyP8Am+ZbNuVzFP+5+iOvppxzv7N5Ym84xTg==",
      "dependencies": [
        "tslib"
      ]
    },
    "@supabase/functions-js@2.110.0": {
      "integrity": "sha512-Fde5wlY8ZZy+9yqrWlQHo8MacSyUBArBEtN2boB4thJQigPnQD/cc61qZN0n3I1L0gwhWtHYwIMnOBKxSvF6Hw==",
      "dependencies": [
        "tslib"
      ]
    },
    "@supabase/phoenix@0.4.4": {
      "integrity": "sha512-Gt0pqoXuIqX/8dvG0OKp/wMCobXNH3klNbUPBNyOfN0YA1IswrM3HyWFMOPk1Jy+BRaIyDPcFx4jLBwHNmlyfQ=="
    },
    "@supabase/postgrest-js@2.110.0": {
      "integrity": "sha512-ZbC1QZL3jcvBUfVKjJbgRM27G4Mg3Zzqdm44m5pJafe1e52Cli793EOnwQucomBAGEUDd03Nzaf7XV3ji/XexQ==",
      "dependencies": [
        "tslib"
      ]
    },
    "@supabase/realtime-js@2.110.0": {
      "integrity": "sha512-Wn2AWpneZuDFTkp/65tqctvoh+3JvyTjMam8sTMqVWy5BgkU8zAvFwilPYPPPhkINeKF8NAJKP7FclJ2iGCUMw==",
      "dependencies": [
        "@supabase/phoenix",
        "tslib"
      ]
    },
    "@supabase/storage-js@2.110.0": {
      "integrity": "sha512-71+gU3HrhiylAhftY6FmO5PPdcsScnVcS766CVD+vTYK9qTDLbrx8FhgBYbqGm3iV/wkTfzrNJfjGsMeFRkJRQ==",
      "dependencies": [
        "iceberg-js",
        "tslib"
      ]
    },
    "@supabase/supabase-js@2.110.0": {
      "integrity": "sha512-8yI84VJiEVW4zxZpLUmxXmjzQ7O2St9X/ymzlBETDHTURPWG3LmvbSiibq+7dqAJmyoUfxZnSfXeM4HCM8s4XQ==",
      "dependencies": [
        "@supabase/auth-js",
        "@supabase/functions-js",
        "@supabase/postgrest-js",
        "@supabase/realtime-js",
        "@supabase/storage-js"
      ]
    },
    "@vercel/oidc@3.2.0": {
      "integrity": "sha512-UycprH3T6n3jH0k44NHMa7pnFHGu/N05MjojYr+Mc6I7obkoLIJujSWwin1pCvdy/eOxrI/l3uDLQsmcrOb4ug=="
    },
    "@workflow/serde@4.1.0": {
      "integrity": "sha512-pav4F2BoirECWR7Nf1TKt+2eETcBj7jj4cBefQ8VXQCA6NPkaKeLfj/zMgi+3zYV5ZIBT4GuUiphsj0/b9hPQQ=="
    },
    "ai@7.0.2_zod@4.4.3": {
      "integrity": "sha512-VMU08jHIDJnnKDrbC9AFa5ZsPpOTfAPRLvTRHtJk4FGAoeldmJROMxvZ2ak5lCjEJ2GP2OLPQbMRyEK8w0+S4A==",
      "dependencies": [
        "@ai-sdk/gateway@4.0.2_zod@4.4.3",
        "@ai-sdk/provider@4.0.0",
        "@ai-sdk/provider-utils@5.0.0_zod@4.4.3",
        "zod"
      ]
    },
    "ai@7.0.37_zod@4.4.3": {
      "integrity": "sha512-stF+SEQJgKY3Qfe3FwNzqUrehHviOp2l7LemoI8YMOa0Zk5PxKsRNgUk3cHXz0RAue9RRyCAis2fz6LSCP6EKw==",
      "dependencies": [
        "@ai-sdk/gateway@4.0.28_zod@4.4.3",
        "@ai-sdk/provider@4.0.3",
        "@ai-sdk/provider-utils@5.0.12_zod@4.4.3",
        "zod"
      ]
    },
    "eventsource-parser@3.1.0": {
      "integrity": "sha512-kJezFj9YFAMLeORyi7aCLxLbD5/qWMQnoMVlVPyHIll7lgRJCc3JVln9Vgl9nwQi0YkMnhdGTMNn7CkRRAptMg=="
    },
    "fast-sha256@1.3.0": {
      "integrity": "sha512-n11RGP/lrWEFI/bWdygLxhI+pVeo1ZYIVwvvPkW7azl/rOy+F3HYRZ2K5zeE9mmkhQppyv9sQFx0JM9UabnpPQ=="
    },
    "iceberg-js@0.8.1": {
      "integrity": "sha512-1dhVQZXhcHje7798IVM+xoo/1ZdVfzOMIc8/rgVSijRK38EDqOJoGula9N/8ZI5RD8QTxNQtK/Gozpr+qUqRRA=="
    },
    "json-schema@0.4.0": {
      "integrity": "sha512-es94M3nTIfsEPisRafak+HDLfHXnKBhV3vU5eqPcS3flIWqcxJWgXHXiey3YrpaNsanY5ei1VoYEbOzijuq9BA=="
    },
    "standardwebhooks@1.0.0": {
      "integrity": "sha512-BbHGOQK9olHPMvQNHWul6MYlrRTAOKn03rOe4A8O3CLWhNf4YHBqq2HJKKC+sfqpxiBY52pNeesD6jIiLDz8jg==",
      "dependencies": [
        "@stablelib/base64",
        "fast-sha256"
      ]
    },
    "tslib@2.8.1": {
      "integrity": "sha512-oJFu94HQb+KVduSUQL7wnpmqnfmLsOA/nAh6b6EH0wCEoK0/mPeXU6c3wKDV83MkOuHPRHtSXKKU99IBazS/2w=="
    },
    "zod@4.4.3": {
      "integrity": "sha512-ytENFjIJFl2UwYglde2jchW2Hwm4GJFLDiSXWdTrJQBIN9Fcyp7n4DhxJEiWNAJMV1/BqWfW/kkg71UDcHJyTQ=="
    }
  },
  "workspace": {
    "dependencies": [
      "npm:@ai-sdk/deepseek@3.0.13",
      "npm:@langfuse/otel@5.9.1",
      "npm:@langfuse/tracing@5.9.1",
      "npm:@langfuse/vercel-ai-sdk@5.9.1",
      "npm:@opentelemetry/api@1.9.0",
      "npm:@opentelemetry/context-async-hooks@2.10.0",
      "npm:@opentelemetry/sdk-trace-base@2.10.0",
      "npm:@supabase/supabase-js@2.110.0",
      "npm:ai@7.0.37",
      "npm:standardwebhooks@1.0.0"
    ]
  }
}
